
Microsoft Visual Studio Solution File, Format Version 12.00
# Visual Studio Version 17
VisualStudioVersion = 17.7.34031.279
MinimumVisualStudioVersion = 10.0.40219.1
Project("{9A19103F-16F7-4668-BE54-9A1E7A4F7556}") = "BikeShop", "BikeShop\BikeShop.csproj", "{0272E67F-9AE8-44A9-ABEE-3DBD90A3C951}"
EndProject
Global
	GlobalSection(SolutionConfigurationPlatforms) = preSolution
		Debug|Any CPU = Debug|Any CPU
		Release|Any CPU = Release|Any CPU
	EndGlobalSection
	GlobalSection(ProjectConfigurationPlatforms) = postSolution
		{0272E67F-9AE8-44A9-ABEE-3DBD90A3C951}.Debug|Any CPU.ActiveCfg = Debug|Any CPU
		{0272E67F-9AE8-44A9-ABEE-3DBD90A3C951}.Debug|Any CPU.Build.0 = Debug|Any CPU
		{0272E67F-9AE8-44A9-ABEE-3DBD90A3C951}.Release|Any CPU.ActiveCfg = Release|Any CPU
		{0272E67F-9AE8-44A9-ABEE-3DBD90A3C951}.Release|Any CPU.Build.0 = Release|Any CPU
	EndGlobalSection
	GlobalSection(SolutionProperties) = preSolution
		HideSolutionNode = FALSE
	EndGlobalSection
	GlobalSection(ExtensibilityGlobals) = postSolution
		SolutionGuid = {A554861B-A5B1-4739-BE34-B4306DF9399D}
	EndGlobalSection
EndGlobal
